
Microsoft Visual Studio Solution File, Format Version 12.00
# Visual Studio Version 17
VisualStudioVersion = 17.0.31912.275
MinimumVisualStudioVersion = 10.0.40219.1
Project("{9A19103F-16F7-4668-BE54-9A1E7A4F7556}") = "Ticketsystem_WPF_DB_DataBinding", "07_Ticketsystem_WPF\Ticketsystem_WPF_DB_DataBinding.csproj", "{ED159064-E3E8-4E9F-98E6-3A75D072DEA8}"
EndProject
Global
	GlobalSection(SolutionConfigurationPlatforms) = preSolution
		Debug|Any CPU = Debug|Any CPU
		Release|Any CPU = Release|Any CPU
	EndGlobalSection
	GlobalSection(ProjectConfigurationPlatforms) = postSolution
		{ED159064-E3E8-4E9F-98E6-3A75D072DEA8}.Debug|Any CPU.ActiveCfg = Debug|Any CPU
		{ED159064-E3E8-4E9F-98E6-3A75D072DEA8}.Debug|Any CPU.Build.0 = Debug|Any CPU
		{ED159064-E3E8-4E9F-98E6-3A75D072DEA8}.Release|Any CPU.ActiveCfg = Release|Any CPU
		{ED159064-E3E8-4E9F-98E6-3A75D072DEA8}.Release|Any CPU.Build.0 = Release|Any CPU
	EndGlobalSection
	GlobalSection(SolutionProperties) = preSolution
		HideSolutionNode = FALSE
	EndGlobalSection
	GlobalSection(ExtensibilityGlobals) = postSolution
		SolutionGuid = {F225CD52-CFDD-4A78-9B2E-FEA4088219DE}
	EndGlobalSection
EndGlobal
